
Microsoft Visual Studio Solution File, Format Version 12.00
# Visual Studio Version 16
VisualStudioVersion = 16.0.31205.134
MinimumVisualStudioVersion = 10.0.40219.1
Project("{9A19103F-16F7-4668-BE54-9A1E7A4F7556}") = "BasketApi", "RedisApis\BasketApi.csproj", "{96F5D232-E71D-41B9-B969-9BE661A84706}"
EndProject
Project("{FAE04EC0-301F-11D3-BF4B-00C04F79EFBC}") = "Catalog.Api", "Catalog.Api\Catalog.Api.csproj", "{D4DF82EB-FC13-49BE-81E4-DDE7D31C2ABF}"
EndProject
Project("{E53339B2-1760-4266-BCC7-CA923CBCF16C}") = "docker-compose", "docker-compose.dcproj", "{9E4B86F9-385A-47B6-B617-D781CFCEBEEB}"
EndProject
Global
	GlobalSection(SolutionConfigurationPlatforms) = preSolution
		Debug|Any CPU = Debug|Any CPU
		Release|Any CPU = Release|Any CPU
	EndGlobalSection
	GlobalSection(ProjectConfigurationPlatforms) = postSolution
		{96F5D232-E71D-41B9-B969-9BE661A84706}.Debug|Any CPU.ActiveCfg = Debug|Any CPU
		{96F5D232-E71D-41B9-B969-9BE661A84706}.Debug|Any CPU.Build.0 = Debug|Any CPU
		{96F5D232-E71D-41B9-B969-9BE661A84706}.Release|Any CPU.ActiveCfg = Release|Any CPU
		{96F5D232-E71D-41B9-B969-9BE661A84706}.Release|Any CPU.Build.0 = Release|Any CPU
		{D4DF82EB-FC13-49BE-81E4-DDE7D31C2ABF}.Debug|Any CPU.ActiveCfg = Debug|Any CPU
		{D4DF82EB-FC13-49BE-81E4-DDE7D31C2ABF}.Debug|Any CPU.Build.0 = Debug|Any CPU
		{D4DF82EB-FC13-49BE-81E4-DDE7D31C2ABF}.Release|Any CPU.ActiveCfg = Release|Any CPU
		{D4DF82EB-FC13-49BE-81E4-DDE7D31C2ABF}.Release|Any CPU.Build.0 = Release|Any CPU
		{9E4B86F9-385A-47B6-B617-D781CFCEBEEB}.Debug|Any CPU.ActiveCfg = Debug|Any CPU
		{9E4B86F9-385A-47B6-B617-D781CFCEBEEB}.Debug|Any CPU.Build.0 = Debug|Any CPU
		{9E4B86F9-385A-47B6-B617-D781CFCEBEEB}.Release|Any CPU.ActiveCfg = Release|Any CPU
		{9E4B86F9-385A-47B6-B617-D781CFCEBEEB}.Release|Any CPU.Build.0 = Release|Any CPU
	EndGlobalSection
	GlobalSection(SolutionProperties) = preSolution
		HideSolutionNode = FALSE
	EndGlobalSection
	GlobalSection(ExtensibilityGlobals) = postSolution
		SolutionGuid = {2002AE33-A398-491E-8308-1B4B1F080E98}
	EndGlobalSection
EndGlobal
